
Microsoft Visual Studio Solution File, Format Version 12.00
# Visual Studio Version 16
VisualStudioVersion = 16.0.30011.22
MinimumVisualStudioVersion = 10.0.40219.1
Project("{FAE04EC0-301F-11D3-BF4B-00C04F79EFBC}") = "TransportingSolution", "TransportingSolution\TransportingSolution.csproj", "{23860BBA-7925-4933-BAB2-531DEDB632E5}"
EndProject
Global
	GlobalSection(SolutionConfigurationPlatforms) = preSolution
		Debug|Any CPU = Debug|Any CPU
		Release|Any CPU = Release|Any CPU
	EndGlobalSection
	GlobalSection(ProjectConfigurationPlatforms) = postSolution
		{23860BBA-7925-4933-BAB2-531DEDB632E5}.Debug|Any CPU.ActiveCfg = Debug|Any CPU
		{23860BBA-7925-4933-BAB2-531DEDB632E5}.Debug|Any CPU.Build.0 = Debug|Any CPU
		{23860BBA-7925-4933-BAB2-531DEDB632E5}.Release|Any CPU.ActiveCfg = Release|Any CPU
		{23860BBA-7925-4933-BAB2-531DEDB632E5}.Release|Any CPU.Build.0 = Release|Any CPU
	EndGlobalSection
	GlobalSection(SolutionProperties) = preSolution
		HideSolutionNode = FALSE
	EndGlobalSection
	GlobalSection(ExtensibilityGlobals) = postSolution
		SolutionGuid = {1868ED87-3E78-4CC8-A48C-1361C3E14D78}
	EndGlobalSection
EndGlobal
